
Microsoft Visual Studio Solution File, Format Version 12.00
# Visual Studio 15
VisualStudioVersion = 15.0.27130.2024
MinimumVisualStudioVersion = 10.0.40219.1
Project("{9A19103F-16F7-4668-BE54-9A1E7A4F7556}") = "TaskManager.Tests", "TaskManager.Tests\TaskManager.Tests.csproj", "{6B460877-5F44-4902-9ACE-208E3D94616F}"
EndProject
Project("{9A19103F-16F7-4668-BE54-9A1E7A4F7556}") = "TaskManager.Domain", "TaskManager.Domain\TaskManager.Domain.csproj", "{22A4D6B7-5357-41EE-8B40-51FA7CA1C2C2}"
EndProject
Project("{9A19103F-16F7-4668-BE54-9A1E7A4F7556}") = "TaskManager.Data", "TaskManager.Data\TaskManager.Data.csproj", "{1E4366D9-B994-41D9-93A5-F477D6CA220C}"
EndProject
Project("{FAE04EC0-301F-11D3-BF4B-00C04F79EFBC}") = "TaskManager.WebApplication", "TaskManager.WebApplication\TaskManager.WebApplication.csproj", "{3ADD4514-9EAE-4815-BEF0-BE68E4EE5443}"
EndProject
Global
	GlobalSection(SolutionConfigurationPlatforms) = preSolution
		Debug|Any CPU = Debug|Any CPU
		Release|Any CPU = Release|Any CPU
	EndGlobalSection
	GlobalSection(ProjectConfigurationPlatforms) = postSolution
		{6B460877-5F44-4902-9ACE-208E3D94616F}.Debug|Any CPU.ActiveCfg = Debug|Any CPU
		{6B460877-5F44-4902-9ACE-208E3D94616F}.Debug|Any CPU.Build.0 = Debug|Any CPU
		{6B460877-5F44-4902-9ACE-208E3D94616F}.Release|Any CPU.ActiveCfg = Release|Any CPU
		{6B460877-5F44-4902-9ACE-208E3D94616F}.Release|Any CPU.Build.0 = Release|Any CPU
		{22A4D6B7-5357-41EE-8B40-51FA7CA1C2C2}.Debug|Any CPU.ActiveCfg = Debug|Any CPU
		{22A4D6B7-5357-41EE-8B40-51FA7CA1C2C2}.Debug|Any CPU.Build.0 = Debug|Any CPU
		{22A4D6B7-5357-41EE-8B40-51FA7CA1C2C2}.Release|Any CPU.ActiveCfg = Release|Any CPU
		{22A4D6B7-5357-41EE-8B40-51FA7CA1C2C2}.Release|Any CPU.Build.0 = Release|Any CPU
		{1E4366D9-B994-41D9-93A5-F477D6CA220C}.Debug|Any CPU.ActiveCfg = Debug|Any CPU
		{1E4366D9-B994-41D9-93A5-F477D6CA220C}.Debug|Any CPU.Build.0 = Debug|Any CPU
		{1E4366D9-B994-41D9-93A5-F477D6CA220C}.Release|Any CPU.ActiveCfg = Release|Any CPU
		{1E4366D9-B994-41D9-93A5-F477D6CA220C}.Release|Any CPU.Build.0 = Release|Any CPU
		{3ADD4514-9EAE-4815-BEF0-BE68E4EE5443}.Debug|Any CPU.ActiveCfg = Debug|Any CPU
		{3ADD4514-9EAE-4815-BEF0-BE68E4EE5443}.Debug|Any CPU.Build.0 = Debug|Any CPU
		{3ADD4514-9EAE-4815-BEF0-BE68E4EE5443}.Release|Any CPU.ActiveCfg = Release|Any CPU
		{3ADD4514-9EAE-4815-BEF0-BE68E4EE5443}.Release|Any CPU.Build.0 = Release|Any CPU
	EndGlobalSection
	GlobalSection(SolutionProperties) = preSolution
		HideSolutionNode = FALSE
	EndGlobalSection
	GlobalSection(ExtensibilityGlobals) = postSolution
		SolutionGuid = {B35AE9C5-87FD-4DB6-87E3-01F49B6F8B54}
	EndGlobalSection
EndGlobal
